
Microsoft Visual Studio Solution File, Format Version 12.00
# Visual Studio Version 17
VisualStudioVersion = 17.7.34024.191
MinimumVisualStudioVersion = 10.0.40219.1
Project("{FAE04EC0-301F-11D3-BF4B-00C04F79EFBC}") = "Doan.WebApiRestful", "Doan.WebApiRestful\Doan.WebApiRestful.csproj", "{E31BAF33-4B52-4D15-BEE7-2EC78D25A049}"
EndProject
Project("{FAE04EC0-301F-11D3-BF4B-00C04F79EFBC}") = "Doan.WebApiRestful.Domain", "Doan.WebApiRestful.Domain\Doan.WebApiRestful.Domain.csproj", "{4274B117-3F0B-4652-8085-15D3024F6C7E}"
EndProject
Project("{FAE04EC0-301F-11D3-BF4B-00C04F79EFBC}") = "Doan.WebApiRestful.Service", "Doan.WebApiRestful.Service\Doan.WebApiRestful.Service.csproj", "{83BF744E-0753-4EDF-8524-84BC2E299B25}"
EndProject
Project("{FAE04EC0-301F-11D3-BF4B-00C04F79EFBC}") = "Doan.WebApiRestful.Data", "Doan.WebApiRestful.Data\Doan.WebApiRestful.Data.csproj", "{FB0FCAF4-38A4-4D79-93B6-06763A52A5A8}"
EndProject
Project("{FAE04EC0-301F-11D3-BF4B-00C04F79EFBC}") = "Doan.WebApiRestful.Infrastructure", "Doan.WebApiRestful.Infrastructure\Doan.WebApiRestful.Infrastructure.csproj", "{8CADEDBA-A05B-4C77-9021-EAF7A49B0EE0}"
EndProject
Global
	GlobalSection(SolutionConfigurationPlatforms) = preSolution
		Debug|Any CPU = Debug|Any CPU
		Release|Any CPU = Release|Any CPU
	EndGlobalSection
	GlobalSection(ProjectConfigurationPlatforms) = postSolution
		{E31BAF33-4B52-4D15-BEE7-2EC78D25A049}.Debug|Any CPU.ActiveCfg = Debug|Any CPU
		{E31BAF33-4B52-4D15-BEE7-2EC78D25A049}.Debug|Any CPU.Build.0 = Debug|Any CPU
		{E31BAF33-4B52-4D15-BEE7-2EC78D25A049}.Release|Any CPU.ActiveCfg = Release|Any CPU
		{E31BAF33-4B52-4D15-BEE7-2EC78D25A049}.Release|Any CPU.Build.0 = Release|Any CPU
		{4274B117-3F0B-4652-8085-15D3024F6C7E}.Debug|Any CPU.ActiveCfg = Debug|Any CPU
		{4274B117-3F0B-4652-8085-15D3024F6C7E}.Debug|Any CPU.Build.0 = Debug|Any CPU
		{4274B117-3F0B-4652-8085-15D3024F6C7E}.Release|Any CPU.ActiveCfg = Release|Any CPU
		{4274B117-3F0B-4652-8085-15D3024F6C7E}.Release|Any CPU.Build.0 = Release|Any CPU
		{83BF744E-0753-4EDF-8524-84BC2E299B25}.Debug|Any CPU.ActiveCfg = Debug|Any CPU
		{83BF744E-0753-4EDF-8524-84BC2E299B25}.Debug|Any CPU.Build.0 = Debug|Any CPU
		{83BF744E-0753-4EDF-8524-84BC2E299B25}.Release|Any CPU.ActiveCfg = Release|Any CPU
		{83BF744E-0753-4EDF-8524-84BC2E299B25}.Release|Any CPU.Build.0 = Release|Any CPU
		{FB0FCAF4-38A4-4D79-93B6-06763A52A5A8}.Debug|Any CPU.ActiveCfg = Debug|Any CPU
		{FB0FCAF4-38A4-4D79-93B6-06763A52A5A8}.Debug|Any CPU.Build.0 = Debug|Any CPU
		{FB0FCAF4-38A4-4D79-93B6-06763A52A5A8}.Release|Any CPU.ActiveCfg = Release|Any CPU
		{FB0FCAF4-38A4-4D79-93B6-06763A52A5A8}.Release|Any CPU.Build.0 = Release|Any CPU
		{8CADEDBA-A05B-4C77-9021-EAF7A49B0EE0}.Debug|Any CPU.ActiveCfg = Debug|Any CPU
		{8CADEDBA-A05B-4C77-9021-EAF7A49B0EE0}.Debug|Any CPU.Build.0 = Debug|Any CPU
		{8CADEDBA-A05B-4C77-9021-EAF7A49B0EE0}.Release|Any CPU.ActiveCfg = Release|Any CPU
		{8CADEDBA-A05B-4C77-9021-EAF7A49B0EE0}.Release|Any CPU.Build.0 = Release|Any CPU
	EndGlobalSection
	GlobalSection(SolutionProperties) = preSolution
		HideSolutionNode = FALSE
	EndGlobalSection
	GlobalSection(ExtensibilityGlobals) = postSolution
		SolutionGuid = {A6D5097E-66ED-4508-B82A-8BBA90925D99}
	EndGlobalSection
EndGlobal
